
Microsoft Visual Studio Solution File, Format Version 12.00
# Visual Studio Version 16
VisualStudioVersion = 16.0.31702.278
MinimumVisualStudioVersion = 10.0.40219.1
Project("{FAE04EC0-301F-11D3-BF4B-00C04F79EFBC}") = "Gyakorlas", "Gyakorlas\Gyakorlas.csproj", "{A2606E87-7832-4A22-B896-8465C0199D5A}"
EndProject
Global
	GlobalSection(SolutionConfigurationPlatforms) = preSolution
		Debug|Any CPU = Debug|Any CPU
		Release|Any CPU = Release|Any CPU
	EndGlobalSection
	GlobalSection(ProjectConfigurationPlatforms) = postSolution
		{A2606E87-7832-4A22-B896-8465C0199D5A}.Debug|Any CPU.ActiveCfg = Debug|Any CPU
		{A2606E87-7832-4A22-B896-8465C0199D5A}.Debug|Any CPU.Build.0 = Debug|Any CPU
		{A2606E87-7832-4A22-B896-8465C0199D5A}.Release|Any CPU.ActiveCfg = Release|Any CPU
		{A2606E87-7832-4A22-B896-8465C0199D5A}.Release|Any CPU.Build.0 = Release|Any CPU
	EndGlobalSection
	GlobalSection(SolutionProperties) = preSolution
		HideSolutionNode = FALSE
	EndGlobalSection
	GlobalSection(ExtensibilityGlobals) = postSolution
		SolutionGuid = {51198D9A-4E8E-4B09-BDF2-378B2ABC7039}
	EndGlobalSection
EndGlobal
